
Microsoft Visual Studio Solution File, Format Version 12.00
# Visual Studio 15
VisualStudioVersion = 15.0.28307.168
MinimumVisualStudioVersion = 10.0.40219.1
Project("{9A19103F-16F7-4668-BE54-9A1E7A4F7556}") = "DearAzureImageBroadcast", "DearAzureImageBroadcast\DearAzureImageBroadcast.csproj", "{656E71D9-3576-40B0-A503-0C1583B64F2D}"
EndProject
Project("{FAE04EC0-301F-11D3-BF4B-00C04F79EFBC}") = "FunctionApp", "FunctionApp\FunctionApp.csproj", "{AF1F3DA3-C2D1-461E-8502-4344DDE8214C}"
EndProject
Global
	GlobalSection(SolutionConfigurationPlatforms) = preSolution
		Debug|Any CPU = Debug|Any CPU
		Release|Any CPU = Release|Any CPU
	EndGlobalSection
	GlobalSection(ProjectConfigurationPlatforms) = postSolution
		{656E71D9-3576-40B0-A503-0C1583B64F2D}.Debug|Any CPU.ActiveCfg = Debug|Any CPU
		{656E71D9-3576-40B0-A503-0C1583B64F2D}.Debug|Any CPU.Build.0 = Debug|Any CPU
		{656E71D9-3576-40B0-A503-0C1583B64F2D}.Release|Any CPU.ActiveCfg = Release|Any CPU
		{656E71D9-3576-40B0-A503-0C1583B64F2D}.Release|Any CPU.Build.0 = Release|Any CPU
		{AF1F3DA3-C2D1-461E-8502-4344DDE8214C}.Debug|Any CPU.ActiveCfg = Debug|Any CPU
		{AF1F3DA3-C2D1-461E-8502-4344DDE8214C}.Debug|Any CPU.Build.0 = Debug|Any CPU
		{AF1F3DA3-C2D1-461E-8502-4344DDE8214C}.Release|Any CPU.ActiveCfg = Release|Any CPU
		{AF1F3DA3-C2D1-461E-8502-4344DDE8214C}.Release|Any CPU.Build.0 = Release|Any CPU
	EndGlobalSection
	GlobalSection(SolutionProperties) = preSolution
		HideSolutionNode = FALSE
	EndGlobalSection
	GlobalSection(ExtensibilityGlobals) = postSolution
		SolutionGuid = {AEFC9FC3-585F-4B0F-9426-6A74CA7C861A}
	EndGlobalSection
EndGlobal
